// !$*UTF8*$!
{
	archiveVersion = 1;
	classes = {
	};
	objectVersion = 46;
	objects = {

/* Begin PBXBuildFile section */
		F7FB9A961C65589600D4F365 /* AppDelegate.swift in Sources */ = {isa = PBXBuildFile; fileRef = F7FB9A951C65589600D4F365 /* AppDelegate.swift */; };
		F7FB9A981C65589600D4F365 /* ViewController.swift in Sources */ = {isa = PBXBuildFile; fileRef = F7FB9A971C65589600D4F365 /* ViewController.swift */; };
		F7FB9A9B1C65589600D4F365 /* Main.storyboard in Resources */ = {isa = PBXBuildFile; fileRef = F7FB9A991C65589600D4F365 /* Main.storyboard */; };
		F7FB9A9D1C65589600D4F365 /* Assets.xcassets in Resources */ = {isa = PBXBuildFile; fileRef = F7FB9A9C1C65589600D4F365 /* Assets.xcassets */; };
		F7FB9AA01C65589600D4F365 /* LaunchScreen.storyboard in Resources */ = {isa = PBXBuildFile; fileRef = F7FB9A9E1C65589600D4F365 /* LaunchScreen.storyboard */; };
		F7FB9AA81C655A1200D4F365 /* Character.swift in Sources */ = {isa = PBXBuildFile; fileRef = F7FB9AA71C655A1200D4F365 /* Character.swift */; };
		F7FB9AAA1C65601200D4F365 /* Player.swift in Sources */ = {isa = PBXBuildFile; fileRef = F7FB9AA91C65601200D4F365 /* Player.swift */; };
/* End PBXBuildFile section */

/* Begin PBXFileReference section */
		F7FB9A921C65589600D4F365 /* Attaaaack!.app */ = {isa = PBXFileReference; explicitFileType = wrapper.application; includeInIndex = 0; path = "Attaaaack!.app"; sourceTree = BUILT_PRODUCTS_DIR; };
		F7FB9A951C65589600D4F365 /* AppDelegate.swift */ = {isa = PBXFileReference; lastKnownFileType = sourcecode.swift; path = AppDelegate.swift; sourceTree = "<group>"; };
		F7FB9A971C65589600D4F365 /* ViewController.swift */ = {isa = PBXFileReference; lastKnownFileType = sourcecode.swift; path = ViewController.swift; sourceTree = "<group>"; };
		F7FB9A9A1C65589600D4F365 /* Base */ = {isa = PBXFileReference; lastKnownFileType = file.storyboard; name = Base; path = Base.lproj/Main.storyboard; sourceTree = "<group>"; };
		F7FB9A9C1C65589600D4F365 /* Assets.xcassets */ = {isa = PBXFileReference; lastKnownFileType = folder.assetcatalog; path = Assets.xcassets; sourceTree = "<group>"; };
		F7FB9A9F1C65589600D4F365 /* Base */ = {isa = PBXFileReference; lastKnownFileType = file.storyboard; name = Base; path = Base.lproj/LaunchScreen.storyboard; sourceTree = "<group>"; };
		F7FB9AA11C65589600D4F365 /* Info.plist */ = {isa = PBXFileReference; lastKnownFileType = text.plist.xml; path = Info.plist; sourceTree = "<group>"; };
		F7FB9AA71C655A1200D4F365 /* Character.swift */ = {isa = PBXFileReference; fileEncoding = 4; lastKnownFileType = sourcecode.swift; path = Character.swift; sourceTree = "<group>"; };
		F7FB9AA91C65601200D4F365 /* Player.swift */ = {isa = PBXFileReference; fileEncoding = 4; lastKnownFileType = sourcecode.swift; path = Player.swift; sourceTree = "<group>"; };
/* End PBXFileReference section */

/* Begin PBXFrameworksBuildPhase section */
		F7FB9A8F1C65589600D4F365 /* Frameworks */ = {
			isa = PBXFrameworksBuildPhase;
			buildActionMask = 2147483647;
			files = (
			);
			runOnlyForDeploymentPostprocessing = 0;
		};
/* End PBXFrameworksBuildPhase section */

/* Begin PBXGroup section */
		F7FB9A891C65589600D4F365 = {
			isa = PBXGroup;
			children = (
				F7FB9A941C65589600D4F365 /* Attaaaack! */,
				F7FB9A931C65589600D4F365 /* Products */,
			);
			sourceTree = "<group>";
		};
		F7FB9A931C65589600D4F365 /* Products */ = {
			isa = PBXGroup;
			children = (
				F7FB9A921C65589600D4F365 /* Attaaaack!.app */,
			);
			name = Products;
			sourceTree = "<group>";
		};
		F7FB9A941C65589600D4F365 /* Attaaaack! */ = {
			isa = PBXGroup;
			children = (
				F7FB9A951C65589600D4F365 /* AppDelegate.swift */,
				F7FB9A971C65589600D4F365 /* ViewController.swift */,
				F7FB9A991C65589600D4F365 /* Main.storyboard */,
				F7FB9A9C1C65589600D4F365 /* Assets.xcassets */,
				F7FB9A9E1C65589600D4F365 /* LaunchScreen.storyboard */,
				F7FB9AA11C65589600D4F365 /* Info.plist */,
				F7FB9AA71C655A1200D4F365 /* Character.swift */,
				F7FB9AA91C65601200D4F365 /* Player.swift */,
			);
			path = "Attaaaack!";
			sourceTree = "<group>";
		};
/* End PBXGroup section */

/* Begin PBXNativeTarget section */
		F7FB9A911C65589600D4F365 /* Attaaaack! */ = {
			isa = PBXNativeTarget;
			buildConfigurationList = F7FB9AA41C65589600D4F365 /* Build configuration list for PBXNativeTarget "Attaaaack!" */;
			buildPhases = (
				F7FB9A8E1C65589600D4F365 /* Sources */,
				F7FB9A8F1C65589600D4F365 /* Frameworks */,
				F7FB9A901C65589600D4F365 /* Resources */,
			);
			buildRules = (
			);
			dependencies = (
			);
			name = "Attaaaack!";
			productName = "Attaaaack!";
			productReference = F7FB9A921C65589600D4F365 /* Attaaaack!.app */;
			productType = "com.apple.product-type.application";
		};
/* End PBXNativeTarget section */

/* Begin PBXProject section */
		F7FB9A8A1C65589600D4F365 /* Project object */ = {
			isa = PBXProject;
			attributes = {
				LastSwiftUpdateCheck = 0720;
				LastUpgradeCheck = 0720;
				ORGANIZATIONNAME = Christella;
				TargetAttributes = {
					F7FB9A911C65589600D4F365 = {
						CreatedOnToolsVersion = 7.2;
						DevelopmentTeam = 9WQ49EN2U5;
					};
				};
			};
			buildConfigurationList = F7FB9A8D1C65589600D4F365 /* Build configuration list for PBXProject "Attaaaack!" */;
			compatibilityVersion = "Xcode 3.2";
			developmentRegion = English;
			hasScannedForEncodings = 0;
			knownRegions = (
				en,
				Base,
			);
			mainGroup = F7FB9A891C65589600D4F365;
			productRefGroup = F7FB9A931C65589600D4F365 /* Products */;
			projectDirPath = "";
			projectRoot = "";
			targets = (
				F7FB9A911C65589600D4F365 /* Attaaaack! */,
			);
		};
/* End PBXProject section */

/* Begin PBXResourcesBuildPhase section */
		F7FB9A901C65589600D4F365 /* Resources */ = {
			isa = PBXResourcesBuildPhase;
			buildActionMask = 2147483647;
			files = (
				F7FB9AA01C65589600D4F365 /* LaunchScreen.storyboard in Resources */,
				F7FB9A9D1C65589600D4F365 /* Assets.xcassets in Resources */,
				F7FB9A9B1C65589600D4F365 /* Main.storyboard in Resources */,
			);
			runOnlyForDeploymentPostprocessing = 0;
		};
/* End PBXResourcesBuildPhase section */

/* Begin PBXSourcesBuildPhase section */
		F7FB9A8E1C65589600D4F365 /* Sources */ = {
			isa = PBXSourcesBuildPhase;
			buildActionMask = 2147483647;
			files = (
				F7FB9AAA1C65601200D4F365 /* Player.swift in Sources */,
				F7FB9AA81C655A1200D4F365 /* Character.swift in Sources */,
				F7FB9A981C65589600D4F365 /* ViewController.swift in Sources */,
				F7FB9A961C65589600D4F365 /* AppDelegate.swift in Sources */,
			);
			runOnlyForDeploymentPostprocessing = 0;
		};
/* End PBXSourcesBuildPhase section */

/* Begin PBXVariantGroup section */
		F7FB9A991C65589600D4F365 /* Main.storyboard */ = {
			isa = PBXVariantGroup;
			children = (
				F7FB9A9A1C65589600D4F365 /* Base */,
			);
			name = Main.storyboard;
			sourceTree = "<group>";
		};
		F7FB9A9E1C65589600D4F365 /* LaunchScreen.storyboard */ = {
			isa = PBXVariantGroup;
			children = (
				F7FB9A9F1C65589600D4F365 /* Base */,
			);
			name = LaunchScreen.storyboard;
			sourceTree = "<group>";
		};
/* End PBXVariantGroup section */

/* Begin XCBuildConfiguration section */
		F7FB9AA21C65589600D4F365 /* Debug */ = {
			isa = XCBuildConfiguration;
			buildSettings = {
				ALWAYS_SEARCH_USER_PATHS = NO;
				CLANG_CXX_LANGUAGE_STANDARD = "gnu++0x";
				CLANG_CXX_LIBRARY = "libc++";
				CLANG_ENABLE_MODULES = YES;
				CLANG_ENABLE_OBJC_ARC = YES;
				CLANG_WARN_BOOL_CONVERSION = YES;
				CLANG_WARN_CONSTANT_CONVERSION = YES;
				CLANG_WARN_DIRECT_OBJC_ISA_USAGE = YES_ERROR;
				CLANG_WARN_EMPTY_BODY = YES;
				CLANG_WARN_ENUM_CONVERSION = YES;
				CLANG_WARN_INT_CONVERSION = YES;
				CLANG_WARN_OBJC_ROOT_CLASS = YES_ERROR;
				CLANG_WARN_UNREACHABLE_CODE = YES;
				CLANG_WARN__DUPLICATE_METHOD_MATCH = YES;
				"CODE_SIGN_IDENTITY[sdk=iphoneos*]" = "iPhone Developer";
				COPY_PHASE_STRIP = NO;
				DEBUG_INFORMATION_FORMAT = dwarf;
				ENABLE_STRICT_OBJC_MSGSEND = YES;
				ENABLE_TESTABILITY = YES;
				GCC_C_LANGUAGE_STANDARD = gnu99;
				GCC_DYNAMIC_NO_PIC = NO;
				GCC_NO_COMMON_BLOCKS = YES;
				GCC_OPTIMIZATION_LEVEL = 0;
				GCC_PREPROCESSOR_DEFINITIONS = (
					"DEBUG=1",
					"$(inherited)",
				);
				GCC_WARN_64_TO_32_BIT_CONVERSION = YES;
				GCC_WARN_ABOUT_RETURN_TYPE = YES_ERROR;
				GCC_WARN_UNDECLARED_SELECTOR = YES;
				GCC_WARN_UNINITIALIZED_AUTOS = YES_AGGRESSIVE;
				GCC_WARN_UNUSED_FUNCTION = YES;
				GCC_WARN_UNUSED_VARIABLE = YES;
				IPHONEOS_DEPLOYMENT_TARGET = 9.2;
				MTL_ENABLE_DEBUG_INFO = YES;
				ONLY_ACTIVE_ARCH = YES;
				SDKROOT = iphoneos;
				SWIFT_OPTIMIZATION_LEVEL = "-Onone";
				TARGETED_DEVICE_FAMILY = "1,2";
			};
			name = Debug;
		};
		F7FB9AA31C65589600D4F365 /* Release */ = {
			isa = XCBuildConfiguration;
			buildSettings = {
				ALWAYS_SEARCH_USER_PATHS = NO;
				CLANG_CXX_LANGUAGE_STANDARD = "gnu++0x";
				CLANG_CXX_LIBRARY = "libc++";
				CLANG_ENABLE_MODULES = YES;
				CLANG_ENABLE_OBJC_ARC = YES;
				CLANG_WARN_BOOL_CONVERSION = YES;
				CLANG_WARN_CONSTANT_CONVERSION = YES;
				CLANG_WARN_DIRECT_OBJC_ISA_USAGE = YES_ERROR;
				CLANG_WARN_EMPTY_BODY = YES;
				CLANG_WARN_ENUM_CONVERSION = YES;
				CLANG_WARN_INT_CONVERSION = YES;
				CLANG_WARN_OBJC_ROOT_CLASS = YES_ERROR;
				CLANG_WARN_UNREACHABLE_CODE = YES;
				CLANG_WARN__DUPLICATE_METHOD_MATCH = YES;
				"CODE_SIGN_IDENTITY[sdk=iphoneos*]" = "iPhone Developer";
				COPY_PHASE_STRIP = NO;
				DEBUG_INFORMATION_FORMAT = "dwarf-with-dsym";
				ENABLE_NS_ASSERTIONS = NO;
				ENABLE_STRICT_OBJC_MSGSEND = YES;
				GCC_C_LANGUAGE_STANDARD = gnu99;
				GCC_NO_COMMON_BLOCKS = YES;
				GCC_WARN_64_TO_32_BIT_CONVERSION = YES;
				GCC_WARN_ABOUT_RETURN_TYPE = YES_ERROR;
				GCC_WARN_UNDECLARED_SELECTOR = YES;
				GCC_WARN_UNINITIALIZED_AUTOS = YES_AGGRESSIVE;
				GCC_WARN_UNUSED_FUNCTION = YES;
				GCC_WARN_UNUSED_VARIABLE = YES;
				IPHONEOS_DEPLOYMENT_TARGET = 9.2;
				MTL_ENABLE_DEBUG_INFO = NO;
				SDKROOT = iphoneos;
				TARGETED_DEVICE_FAMILY = "1,2";
				VALIDATE_PRODUCT = YES;
			};
			name = Release;
		};
		F7FB9AA51C65589600D4F365 /* Debug */ = {
			isa = XCBuildConfiguration;
			buildSettings = {
				ASSETCATALOG_COMPILER_APPICON_NAME = AppIcon;
				INFOPLIST_FILE = "Attaaaack!/Info.plist";
				LD_RUNPATH_SEARCH_PATHS = "$(inherited) @executable_path/Frameworks";
				PRODUCT_BUNDLE_IDENTIFIER = "com.christella.Attaaaack-";
				PRODUCT_NAME = "$(TARGET_NAME)";
			};
			name = Debug;
		};
		F7FB9AA61C65589600D4F365 /* Release */ = {
			isa = XCBuildConfiguration;
			buildSettings = {
				ASSETCATALOG_COMPILER_APPICON_NAME = AppIcon;
				INFOPLIST_FILE = "Attaaaack!/Info.plist";
				LD_RUNPATH_SEARCH_PATHS = "$(inherited) @executable_path/Frameworks";
				PRODUCT_BUNDLE_IDENTIFIER = "com.christella.Attaaaack-";
				PRODUCT_NAME = "$(TARGET_NAME)";
			};
			name = Release;
		};
/* End XCBuildConfiguration section */

/* Begin XCConfigurationList section */
		F7FB9A8D1C65589600D4F365 /* Build configuration list for PBXProject "Attaaaack!" */ = {
			isa = XCConfigurationList;
			buildConfigurations = (
				F7FB9AA21C65589600D4F365 /* Debug */,
				F7FB9AA31C65589600D4F365 /* Release */,
			);
			defaultConfigurationIsVisible = 0;
			defaultConfigurationName = Release;
		};
		F7FB9AA41C65589600D4F365 /* Build configuration list for PBXNativeTarget "Attaaaack!" */ = {
			isa = XCConfigurationList;
			buildConfigurations = (
				F7FB9AA51C65589600D4F365 /* Debug */,
				F7FB9AA61C65589600D4F365 /* Release */,
			);
			defaultConfigurationIsVisible = 0;
		};
/* End XCConfigurationList section */
	};
	rootObject = F7FB9A8A1C65589600D4F365 /* Project object */;
}
